
Microsoft Visual Studio Solution File, Format Version 12.00
# Visual Studio Version 17
VisualStudioVersion = 17.0.31912.275
MinimumVisualStudioVersion = 10.0.40219.1
Project("{FAE04EC0-301F-11D3-BF4B-00C04F79EFBC}") = "Wm4_DataAccess", "Wm4_DataAccess\Wm4_DataAccess.csproj", "{149BD62F-E161-4209-8134-F7B52ABFF87B}"
EndProject
Project("{FAE04EC0-301F-11D3-BF4B-00C04F79EFBC}") = "North_DbFirst", "North_DbFirst\North_DbFirst.csproj", "{8A4AEEFB-D43B-458F-8043-588C58A80E69}"
EndProject
Global
	GlobalSection(SolutionConfigurationPlatforms) = preSolution
		Debug|Any CPU = Debug|Any CPU
		Release|Any CPU = Release|Any CPU
	EndGlobalSection
	GlobalSection(ProjectConfigurationPlatforms) = postSolution
		{149BD62F-E161-4209-8134-F7B52ABFF87B}.Debug|Any CPU.ActiveCfg = Debug|Any CPU
		{149BD62F-E161-4209-8134-F7B52ABFF87B}.Debug|Any CPU.Build.0 = Debug|Any CPU
		{149BD62F-E161-4209-8134-F7B52ABFF87B}.Release|Any CPU.ActiveCfg = Release|Any CPU
		{149BD62F-E161-4209-8134-F7B52ABFF87B}.Release|Any CPU.Build.0 = Release|Any CPU
		{8A4AEEFB-D43B-458F-8043-588C58A80E69}.Debug|Any CPU.ActiveCfg = Debug|Any CPU
		{8A4AEEFB-D43B-458F-8043-588C58A80E69}.Debug|Any CPU.Build.0 = Debug|Any CPU
		{8A4AEEFB-D43B-458F-8043-588C58A80E69}.Release|Any CPU.ActiveCfg = Release|Any CPU
		{8A4AEEFB-D43B-458F-8043-588C58A80E69}.Release|Any CPU.Build.0 = Release|Any CPU
	EndGlobalSection
	GlobalSection(SolutionProperties) = preSolution
		HideSolutionNode = FALSE
	EndGlobalSection
	GlobalSection(ExtensibilityGlobals) = postSolution
		SolutionGuid = {44A521A1-DEDE-45F0-B000-25EFF1351DEE}
	EndGlobalSection
EndGlobal
